{"filter":false,"title":"package-lock.json","tooltip":"/package-lock.json","undoManager":{"mark":-1,"position":-1,"stack":[]},"ace":{"folds":[],"scrolltop":916,"scrollleft":0,"selection":{"start":{"row":0,"column":0},"end":{"row":0,"column":0},"isBackwards":true},"options":{"guessTabSize":true,"useWrapMode":false,"wrapToView":true},"firstLineState":{"row":64,"state":"start","mode":"ace/mode/json"}},"timestamp":1518609427464,"hash":"0ee7c44f3431369fae4d255389eb3ff0a887733e"}